
Microsoft Visual Studio Solution File, Format Version 12.00
# Visual Studio Version 17
VisualStudioVersion = 17.10.35122.118
MinimumVisualStudioVersion = 10.0.40219.1
Project("{9A19103F-16F7-4668-BE54-9A1E7A4F7556}") = "TravelConnect.Domain", "TravelConnect.Domain\TravelConnect.Domain.csproj", "{CDD13FD1-6CE6-4B51-B761-1DC64993F494}"
EndProject
Project("{9A19103F-16F7-4668-BE54-9A1E7A4F7556}") = "TravelConnect.Infrastructure", "TravelConnect.Infrastructure\TravelConnect.Infrastructure.csproj", "{7A6237F9-02F1-414C-B060-AA1B5FD1EDF5}"
EndProject
Project("{2150E333-8FDC-42A3-9474-1A3956D46DE8}") = "src", "src", "{50A6C15B-CD24-4532-A6C2-6ED603D55FEA}"
EndProject
Project("{FAE04EC0-301F-11D3-BF4B-00C04F79EFBC}") = "TravelConnect.Commons", "TravelConnect.Commons\TravelConnect.Commons.csproj", "{EDD367E2-BB6F-4E93-B66F-67E1C3964605}"
EndProject
Project("{FAE04EC0-301F-11D3-BF4B-00C04F79EFBC}") = "TravelConnect.Api", "TravelConnect.Api\TravelConnect.Api.csproj", "{4FA8C29E-71BA-493C-BEA9-D5143065E6A0}"
EndProject
Global
	GlobalSection(SolutionConfigurationPlatforms) = preSolution
		Debug|Any CPU = Debug|Any CPU
		Release|Any CPU = Release|Any CPU
	EndGlobalSection
	GlobalSection(ProjectConfigurationPlatforms) = postSolution
		{CDD13FD1-6CE6-4B51-B761-1DC64993F494}.Debug|Any CPU.ActiveCfg = Debug|Any CPU
		{CDD13FD1-6CE6-4B51-B761-1DC64993F494}.Debug|Any CPU.Build.0 = Debug|Any CPU
		{CDD13FD1-6CE6-4B51-B761-1DC64993F494}.Release|Any CPU.ActiveCfg = Release|Any CPU
		{CDD13FD1-6CE6-4B51-B761-1DC64993F494}.Release|Any CPU.Build.0 = Release|Any CPU
		{7A6237F9-02F1-414C-B060-AA1B5FD1EDF5}.Debug|Any CPU.ActiveCfg = Debug|Any CPU
		{7A6237F9-02F1-414C-B060-AA1B5FD1EDF5}.Debug|Any CPU.Build.0 = Debug|Any CPU
		{7A6237F9-02F1-414C-B060-AA1B5FD1EDF5}.Release|Any CPU.ActiveCfg = Release|Any CPU
		{7A6237F9-02F1-414C-B060-AA1B5FD1EDF5}.Release|Any CPU.Build.0 = Release|Any CPU
		{EDD367E2-BB6F-4E93-B66F-67E1C3964605}.Debug|Any CPU.ActiveCfg = Debug|Any CPU
		{EDD367E2-BB6F-4E93-B66F-67E1C3964605}.Debug|Any CPU.Build.0 = Debug|Any CPU
		{EDD367E2-BB6F-4E93-B66F-67E1C3964605}.Release|Any CPU.ActiveCfg = Release|Any CPU
		{EDD367E2-BB6F-4E93-B66F-67E1C3964605}.Release|Any CPU.Build.0 = Release|Any CPU
		{4FA8C29E-71BA-493C-BEA9-D5143065E6A0}.Debug|Any CPU.ActiveCfg = Debug|Any CPU
		{4FA8C29E-71BA-493C-BEA9-D5143065E6A0}.Debug|Any CPU.Build.0 = Debug|Any CPU
		{4FA8C29E-71BA-493C-BEA9-D5143065E6A0}.Release|Any CPU.ActiveCfg = Release|Any CPU
		{4FA8C29E-71BA-493C-BEA9-D5143065E6A0}.Release|Any CPU.Build.0 = Release|Any CPU
	EndGlobalSection
	GlobalSection(SolutionProperties) = preSolution
		HideSolutionNode = FALSE
	EndGlobalSection
	GlobalSection(NestedProjects) = preSolution
		{CDD13FD1-6CE6-4B51-B761-1DC64993F494} = {50A6C15B-CD24-4532-A6C2-6ED603D55FEA}
		{7A6237F9-02F1-414C-B060-AA1B5FD1EDF5} = {50A6C15B-CD24-4532-A6C2-6ED603D55FEA}
		{EDD367E2-BB6F-4E93-B66F-67E1C3964605} = {50A6C15B-CD24-4532-A6C2-6ED603D55FEA}
		{4FA8C29E-71BA-493C-BEA9-D5143065E6A0} = {50A6C15B-CD24-4532-A6C2-6ED603D55FEA}
	EndGlobalSection
	GlobalSection(ExtensibilityGlobals) = postSolution
		SolutionGuid = {5DF846DE-85FF-4268-AE32-EF4F4CD6F421}
	EndGlobalSection
EndGlobal
